// !$*UTF8*$!
{
	archiveVersion = 1;
	classes = {
	};
	objectVersion = 46;
	objects = {

/* Begin PBXBuildFile section */
		18E0E5651DA640B500F53877 /* AppDelegate.swift in Sources */ = {isa = PBXBuildFile; fileRef = 18E0E5641DA640B500F53877 /* AppDelegate.swift */; };
		18E0E5671DA640B500F53877 /* ViewController.swift in Sources */ = {isa = PBXBuildFile; fileRef = 18E0E5661DA640B500F53877 /* ViewController.swift */; };
		18E0E5691DA640B500F53877 /* Assets.xcassets in Resources */ = {isa = PBXBuildFile; fileRef = 18E0E5681DA640B500F53877 /* Assets.xcassets */; };
		18E0E56C1DA640B500F53877 /* Main.storyboard in Resources */ = {isa = PBXBuildFile; fileRef = 18E0E56A1DA640B500F53877 /* Main.storyboard */; };
		18E0E5771DA640B600F53877 /* WorkUpFunTests.swift in Sources */ = {isa = PBXBuildFile; fileRef = 18E0E5761DA640B600F53877 /* WorkUpFunTests.swift */; };
		18E0E5821DA640B600F53877 /* WorkUpFunUITests.swift in Sources */ = {isa = PBXBuildFile; fileRef = 18E0E5811DA640B600F53877 /* WorkUpFunUITests.swift */; };
		18E0E5A81DA6413000F53877 /* Alamofire.framework in Frameworks */ = {isa = PBXBuildFile; fileRef = 18E0E59F1DA640E600F53877 /* Alamofire.framework */; };
		18E0E5A91DA6413000F53877 /* Alamofire.framework in Embed Frameworks */ = {isa = PBXBuildFile; fileRef = 18E0E59F1DA640E600F53877 /* Alamofire.framework */; settings = {ATTRIBUTES = (CodeSignOnCopy, RemoveHeadersOnCopy, ); }; };
		18E0E5AF1DA6840000F53877 /* QuotesViewController.swift in Sources */ = {isa = PBXBuildFile; fileRef = 18E0E5AD1DA6840000F53877 /* QuotesViewController.swift */; };
		18E0E5B01DA6840000F53877 /* QuotesViewController.xib in Resources */ = {isa = PBXBuildFile; fileRef = 18E0E5AE1DA6840000F53877 /* QuotesViewController.xib */; };
		18E0E5B21DA7C5CE00F53877 /* Tool.swift in Sources */ = {isa = PBXBuildFile; fileRef = 18E0E5B11DA7C5CE00F53877 /* Tool.swift */; };
		BC1F388C1DB2390600B07B17 /* RxSwift.framework in Frameworks */ = {isa = PBXBuildFile; fileRef = BC1F38671DB238E300B07B17 /* RxSwift.framework */; };
		BC1F388D1DB2391000B07B17 /* RxCocoa.framework in Frameworks */ = {isa = PBXBuildFile; fileRef = BC1F386F1DB238E300B07B17 /* RxCocoa.framework */; };
		BC6A76891DAD031700825F3D /* OE_WorkReportModel.swift in Sources */ = {isa = PBXBuildFile; fileRef = BC6A76881DAD031700825F3D /* OE_WorkReportModel.swift */; };
/* End PBXBuildFile section */

/* Begin PBXContainerItemProxy section */
		18E0E5731DA640B600F53877 /* PBXContainerItemProxy */ = {
			isa = PBXContainerItemProxy;
			containerPortal = 18E0E5591DA640B500F53877 /* Project object */;
			proxyType = 1;
			remoteGlobalIDString = 18E0E5601DA640B500F53877;
			remoteInfo = WorkUpFun;
		};
		18E0E57E1DA640B600F53877 /* PBXContainerItemProxy */ = {
			isa = PBXContainerItemProxy;
			containerPortal = 18E0E5591DA640B500F53877 /* Project object */;
			proxyType = 1;
			remoteGlobalIDString = 18E0E5601DA640B500F53877;
			remoteInfo = WorkUpFun;
		};
		18E0E59A1DA640E600F53877 /* PBXContainerItemProxy */ = {
			isa = PBXContainerItemProxy;
			containerPortal = 18E0E58F1DA640E500F53877 /* Alamofire.xcodeproj */;
			proxyType = 2;
			remoteGlobalIDString = F8111E3319A95C8B0040E7D1;
			remoteInfo = "Alamofire iOS";
		};
		18E0E59C1DA640E600F53877 /* PBXContainerItemProxy */ = {
			isa = PBXContainerItemProxy;
			containerPortal = 18E0E58F1DA640E500F53877 /* Alamofire.xcodeproj */;
			proxyType = 2;
			remoteGlobalIDString = F8111E3E19A95C8B0040E7D1;
			remoteInfo = "Alamofire iOS Tests";
		};
		18E0E59E1DA640E600F53877 /* PBXContainerItemProxy */ = {
			isa = PBXContainerItemProxy;
			containerPortal = 18E0E58F1DA640E500F53877 /* Alamofire.xcodeproj */;
			proxyType = 2;
			remoteGlobalIDString = 4DD67C0B1A5C55C900ED2280;
			remoteInfo = "Alamofire macOS";
		};
		18E0E5A01DA640E600F53877 /* PBXContainerItemProxy */ = {
			isa = PBXContainerItemProxy;
			containerPortal = 18E0E58F1DA640E500F53877 /* Alamofire.xcodeproj */;
			proxyType = 2;
			remoteGlobalIDString = F829C6B21A7A94F100A2CD59;
			remoteInfo = "Alamofire macOS Tests";
		};
		18E0E5A21DA640E600F53877 /* PBXContainerItemProxy */ = {
			isa = PBXContainerItemProxy;
			containerPortal = 18E0E58F1DA640E500F53877 /* Alamofire.xcodeproj */;
			proxyType = 2;
			remoteGlobalIDString = 4CF626EF1BA7CB3E0011A099;
			remoteInfo = "Alamofire tvOS";
		};
		18E0E5A41DA640E600F53877 /* PBXContainerItemProxy */ = {
			isa = PBXContainerItemProxy;
			containerPortal = 18E0E58F1DA640E500F53877 /* Alamofire.xcodeproj */;
			proxyType = 2;
			remoteGlobalIDString = 4CF626F81BA7CB3E0011A099;
			remoteInfo = "Alamofire tvOS Tests";
		};
		18E0E5A61DA640E600F53877 /* PBXContainerItemProxy */ = {
			isa = PBXContainerItemProxy;
			containerPortal = 18E0E58F1DA640E500F53877 /* Alamofire.xcodeproj */;
			proxyType = 2;
			remoteGlobalIDString = E4202FE01B667AA100C997FB;
			remoteInfo = "Alamofire watchOS";
		};
		18E0E5AA1DA6413000F53877 /* PBXContainerItemProxy */ = {
			isa = PBXContainerItemProxy;
			containerPortal = 18E0E58F1DA640E500F53877 /* Alamofire.xcodeproj */;
			proxyType = 1;
			remoteGlobalIDString = 4DD67C0A1A5C55C900ED2280;
			remoteInfo = "Alamofire macOS";
		};
		BC1F38641DB238E300B07B17 /* PBXContainerItemProxy */ = {
			isa = PBXContainerItemProxy;
			containerPortal = BC1F384D1DB238E300B07B17 /* Rx.xcodeproj */;
			proxyType = 2;
			remoteGlobalIDString = C8A56AD71AD7424700B4673B;
			remoteInfo = "RxSwift-iOS";
		};
		BC1F38661DB238E300B07B17 /* PBXContainerItemProxy */ = {
			isa = PBXContainerItemProxy;
			containerPortal = BC1F384D1DB238E300B07B17 /* Rx.xcodeproj */;
			proxyType = 2;
			remoteGlobalIDString = C88BB8711B07E5ED0064D411;
			remoteInfo = "RxSwift-OSX";
		};
		BC1F38681DB238E300B07B17 /* PBXContainerItemProxy */ = {
			isa = PBXContainerItemProxy;
			containerPortal = BC1F384D1DB238E300B07B17 /* Rx.xcodeproj */;
			proxyType = 2;
			remoteGlobalIDString = D2EA280C1BB9B5A200880ED3;
			remoteInfo = "RxSwift-tvOS";
		};
		BC1F386A1DB238E300B07B17 /* PBXContainerItemProxy */ = {
			isa = PBXContainerItemProxy;
			containerPortal = BC1F384D1DB238E300B07B17 /* Rx.xcodeproj */;
			proxyType = 2;
			remoteGlobalIDString = C8F0C0021BBBFB8B001B112F;
			remoteInfo = "RxSwift-watchOS";
		};
		BC1F386C1DB238E300B07B17 /* PBXContainerItemProxy */ = {
			isa = PBXContainerItemProxy;
			containerPortal = BC1F384D1DB238E300B07B17 /* Rx.xcodeproj */;
			proxyType = 2;
			remoteGlobalIDString = C809396D1B8A71760088E94D;
			remoteInfo = "RxCocoa-iOS";
		};
		BC1F386E1DB238E300B07B17 /* PBXContainerItemProxy */ = {
			isa = PBXContainerItemProxy;
			containerPortal = BC1F384D1DB238E300B07B17 /* Rx.xcodeproj */;
			proxyType = 2;
			remoteGlobalIDString = C80939E71B8A71840088E94D;
			remoteInfo = "RxCocoa-OSX";
		};
		BC1F38701DB238E300B07B17 /* PBXContainerItemProxy */ = {
			isa = PBXContainerItemProxy;
			containerPortal = BC1F384D1DB238E300B07B17 /* Rx.xcodeproj */;
			proxyType = 2;
			remoteGlobalIDString = D2138C751BB9BE9800339B5C;
			remoteInfo = "RxCocoa-tvOS";
		};
		BC1F38721DB238E300B07B17 /* PBXContainerItemProxy */ = {
			isa = PBXContainerItemProxy;
			containerPortal = BC1F384D1DB238E300B07B17 /* Rx.xcodeproj */;
			proxyType = 2;
			remoteGlobalIDString = C8F0C04B1BBBFBB9001B112F;
			remoteInfo = "RxCocoa-watchOS";
		};
		BC1F38741DB238E300B07B17 /* PBXContainerItemProxy */ = {
			isa = PBXContainerItemProxy;
			containerPortal = BC1F384D1DB238E300B07B17 /* Rx.xcodeproj */;
			proxyType = 2;
			remoteGlobalIDString = C8093BC71B8A71F00088E94D;
			remoteInfo = "RxBlocking-iOS";
		};
		BC1F38761DB238E300B07B17 /* PBXContainerItemProxy */ = {
			isa = PBXContainerItemProxy;
			containerPortal = BC1F384D1DB238E300B07B17 /* Rx.xcodeproj */;
			proxyType = 2;
			remoteGlobalIDString = C8093C451B8A71FC0088E94D;
			remoteInfo = "RxBlocking-OSX";
		};
		BC1F38781DB238E300B07B17 /* PBXContainerItemProxy */ = {
			isa = PBXContainerItemProxy;
			containerPortal = BC1F384D1DB238E300B07B17 /* Rx.xcodeproj */;
			proxyType = 2;
			remoteGlobalIDString = D2EBEB811BB9B99D003A27DC;
			remoteInfo = "RxBlocking-tvOS";
		};
		BC1F387A1DB238E300B07B17 /* PBXContainerItemProxy */ = {
			isa = PBXContainerItemProxy;
			containerPortal = BC1F384D1DB238E300B07B17 /* Rx.xcodeproj */;
			proxyType = 2;
			remoteGlobalIDString = C8F0C0581BBBFBCE001B112F;
			remoteInfo = "RxBlocking-watchOS";
		};
		BC1F387C1DB238E300B07B17 /* PBXContainerItemProxy */ = {
			isa = PBXContainerItemProxy;
			containerPortal = BC1F384D1DB238E300B07B17 /* Rx.xcodeproj */;
			proxyType = 2;
			remoteGlobalIDString = C88FA50C1C25C44800CCFEA4;
			remoteInfo = "RxTest-iOS";
		};
		BC1F387E1DB238E300B07B17 /* PBXContainerItemProxy */ = {
			isa = PBXContainerItemProxy;
			containerPortal = BC1F384D1DB238E300B07B17 /* Rx.xcodeproj */;
			proxyType = 2;
			remoteGlobalIDString = C88FA51D1C25C4B500CCFEA4;
			remoteInfo = "RxTest-OSX";
		};
		BC1F38801DB238E300B07B17 /* PBXContainerItemProxy */ = {
			isa = PBXContainerItemProxy;
			containerPortal = BC1F384D1DB238E300B07B17 /* Rx.xcodeproj */;
			proxyType = 2;
			remoteGlobalIDString = C88FA52E1C25C4C000CCFEA4;
			remoteInfo = "RxTest-tvOS";
		};
		BC1F38821DB238E300B07B17 /* PBXContainerItemProxy */ = {
			isa = PBXContainerItemProxy;
			containerPortal = BC1F384D1DB238E300B07B17 /* Rx.xcodeproj */;
			proxyType = 2;
			remoteGlobalIDString = C88FA53F1C25C4CC00CCFEA4;
			remoteInfo = "RxTest-watchOS";
		};
		BC1F38841DB238E300B07B17 /* PBXContainerItemProxy */ = {
			isa = PBXContainerItemProxy;
			containerPortal = BC1F384D1DB238E300B07B17 /* Rx.xcodeproj */;
			proxyType = 2;
			remoteGlobalIDString = C83508C31C386F6F0027C24C;
			remoteInfo = "AllTests-iOS";
		};
		BC1F38861DB238E300B07B17 /* PBXContainerItemProxy */ = {
			isa = PBXContainerItemProxy;
			containerPortal = BC1F384D1DB238E300B07B17 /* Rx.xcodeproj */;
			proxyType = 2;
			remoteGlobalIDString = C83509841C38740E0027C24C;
			remoteInfo = "AllTests-tvOS";
		};
		BC1F38881DB238E300B07B17 /* PBXContainerItemProxy */ = {
			isa = PBXContainerItemProxy;
			containerPortal = BC1F384D1DB238E300B07B17 /* Rx.xcodeproj */;
			proxyType = 2;
			remoteGlobalIDString = C83509941C38742C0027C24C;
			remoteInfo = "AllTests-OSX";
		};
		BC1F388A1DB238E300B07B17 /* PBXContainerItemProxy */ = {
			isa = PBXContainerItemProxy;
			containerPortal = BC1F384D1DB238E300B07B17 /* Rx.xcodeproj */;
			proxyType = 2;
			remoteGlobalIDString = C85BA04B1C3878740075D68E;
			remoteInfo = PerformanceTests;
		};
/* End PBXContainerItemProxy section */

/* Begin PBXCopyFilesBuildPhase section */
		18E0E5AC1DA6413000F53877 /* Embed Frameworks */ = {
			isa = PBXCopyFilesBuildPhase;
			buildActionMask = 2147483647;
			dstPath = "";
			dstSubfolderSpec = 10;
			files = (
				18E0E5A91DA6413000F53877 /* Alamofire.framework in Embed Frameworks */,
			);
			name = "Embed Frameworks";
			runOnlyForDeploymentPostprocessing = 0;
		};
/* End PBXCopyFilesBuildPhase section */

/* Begin PBXFileReference section */
		18E0E5611DA640B500F53877 /* WorkUpFun.app */ = {isa = PBXFileReference; explicitFileType = wrapper.application; includeInIndex = 0; path = WorkUpFun.app; sourceTree = BUILT_PRODUCTS_DIR; };
		18E0E5641DA640B500F53877 /* AppDelegate.swift */ = {isa = PBXFileReference; lastKnownFileType = sourcecode.swift; path = AppDelegate.swift; sourceTree = "<group>"; };
		18E0E5661DA640B500F53877 /* ViewController.swift */ = {isa = PBXFileReference; lastKnownFileType = sourcecode.swift; path = ViewController.swift; sourceTree = "<group>"; };
		18E0E5681DA640B500F53877 /* Assets.xcassets */ = {isa = PBXFileReference; lastKnownFileType = folder.assetcatalog; path = Assets.xcassets; sourceTree = "<group>"; };
		18E0E56B1DA640B500F53877 /* Base */ = {isa = PBXFileReference; lastKnownFileType = file.storyboard; name = Base; path = Base.lproj/Main.storyboard; sourceTree = "<group>"; };
		18E0E56D1DA640B500F53877 /* Info.plist */ = {isa = PBXFileReference; lastKnownFileType = text.plist.xml; path = Info.plist; sourceTree = "<group>"; };
		18E0E5721DA640B600F53877 /* WorkUpFunTests.xctest */ = {isa = PBXFileReference; explicitFileType = wrapper.cfbundle; includeInIndex = 0; path = WorkUpFunTests.xctest; sourceTree = BUILT_PRODUCTS_DIR; };
		18E0E5761DA640B600F53877 /* WorkUpFunTests.swift */ = {isa = PBXFileReference; lastKnownFileType = sourcecode.swift; path = WorkUpFunTests.swift; sourceTree = "<group>"; };
		18E0E5781DA640B600F53877 /* Info.plist */ = {isa = PBXFileReference; lastKnownFileType = text.plist.xml; path = Info.plist; sourceTree = "<group>"; };
		18E0E57D1DA640B600F53877 /* WorkUpFunUITests.xctest */ = {isa = PBXFileReference; explicitFileType = wrapper.cfbundle; includeInIndex = 0; path = WorkUpFunUITests.xctest; sourceTree = BUILT_PRODUCTS_DIR; };
		18E0E5811DA640B600F53877 /* WorkUpFunUITests.swift */ = {isa = PBXFileReference; lastKnownFileType = sourcecode.swift; path = WorkUpFunUITests.swift; sourceTree = "<group>"; };
		18E0E5831DA640B600F53877 /* Info.plist */ = {isa = PBXFileReference; lastKnownFileType = text.plist.xml; path = Info.plist; sourceTree = "<group>"; };
		18E0E58F1DA640E500F53877 /* Alamofire.xcodeproj */ = {isa = PBXFileReference; lastKnownFileType = "wrapper.pb-project"; name = Alamofire.xcodeproj; path = Alamofire/Alamofire.xcodeproj; sourceTree = "<group>"; };
		18E0E5AD1DA6840000F53877 /* QuotesViewController.swift */ = {isa = PBXFileReference; fileEncoding = 4; lastKnownFileType = sourcecode.swift; path = QuotesViewController.swift; sourceTree = "<group>"; };
		18E0E5AE1DA6840000F53877 /* QuotesViewController.xib */ = {isa = PBXFileReference; fileEncoding = 4; lastKnownFileType = file.xib; path = QuotesViewController.xib; sourceTree = "<group>"; };
		18E0E5B11DA7C5CE00F53877 /* Tool.swift */ = {isa = PBXFileReference; fileEncoding = 4; lastKnownFileType = sourcecode.swift; path = Tool.swift; sourceTree = "<group>"; };
		BC1F384D1DB238E300B07B17 /* Rx.xcodeproj */ = {isa = PBXFileReference; lastKnownFileType = "wrapper.pb-project"; name = Rx.xcodeproj; path = RxSwift/Rx.xcodeproj; sourceTree = "<group>"; };
		BC6A76881DAD031700825F3D /* OE_WorkReportModel.swift */ = {isa = PBXFileReference; fileEncoding = 4; lastKnownFileType = sourcecode.swift; path = OE_WorkReportModel.swift; sourceTree = "<group>"; };
/* End PBXFileReference section */

/* Begin PBXFrameworksBuildPhase section */
		18E0E55E1DA640B500F53877 /* Frameworks */ = {
			isa = PBXFrameworksBuildPhase;
			buildActionMask = 2147483647;
			files = (
				BC1F388D1DB2391000B07B17 /* RxCocoa.framework in Frameworks */,
				BC1F388C1DB2390600B07B17 /* RxSwift.framework in Frameworks */,
				18E0E5A81DA6413000F53877 /* Alamofire.framework in Frameworks */,
			);
			runOnlyForDeploymentPostprocessing = 0;
		};
		18E0E56F1DA640B600F53877 /* Frameworks */ = {
			isa = PBXFrameworksBuildPhase;
			buildActionMask = 2147483647;
			files = (
			);
			runOnlyForDeploymentPostprocessing = 0;
		};
		18E0E57A1DA640B600F53877 /* Frameworks */ = {
			isa = PBXFrameworksBuildPhase;
			buildActionMask = 2147483647;
			files = (
			);
			runOnlyForDeploymentPostprocessing = 0;
		};
/* End PBXFrameworksBuildPhase section */

/* Begin PBXGroup section */
		18E0E5581DA640B500F53877 = {
			isa = PBXGroup;
			children = (
				BC1F384D1DB238E300B07B17 /* Rx.xcodeproj */,
				18E0E58F1DA640E500F53877 /* Alamofire.xcodeproj */,
				18E0E5631DA640B500F53877 /* WorkUpFun */,
				18E0E5751DA640B600F53877 /* WorkUpFunTests */,
				18E0E5801DA640B600F53877 /* WorkUpFunUITests */,
				18E0E5621DA640B500F53877 /* Products */,
			);
			sourceTree = "<group>";
		};
		18E0E5621DA640B500F53877 /* Products */ = {
			isa = PBXGroup;
			children = (
				18E0E5611DA640B500F53877 /* WorkUpFun.app */,
				18E0E5721DA640B600F53877 /* WorkUpFunTests.xctest */,
				18E0E57D1DA640B600F53877 /* WorkUpFunUITests.xctest */,
			);
			name = Products;
			sourceTree = "<group>";
		};
		18E0E5631DA640B500F53877 /* WorkUpFun */ = {
			isa = PBXGroup;
			children = (
				18E0E5641DA640B500F53877 /* AppDelegate.swift */,
				18E0E5661DA640B500F53877 /* ViewController.swift */,
				18E0E5681DA640B500F53877 /* Assets.xcassets */,
				18E0E56A1DA640B500F53877 /* Main.storyboard */,
				18E0E56D1DA640B500F53877 /* Info.plist */,
				18E0E5AD1DA6840000F53877 /* QuotesViewController.swift */,
				18E0E5AE1DA6840000F53877 /* QuotesViewController.xib */,
				18E0E5B11DA7C5CE00F53877 /* Tool.swift */,
				BC6A76881DAD031700825F3D /* OE_WorkReportModel.swift */,
			);
			path = WorkUpFun;
			sourceTree = "<group>";
		};
		18E0E5751DA640B600F53877 /* WorkUpFunTests */ = {
			isa = PBXGroup;
			children = (
				18E0E5761DA640B600F53877 /* WorkUpFunTests.swift */,
				18E0E5781DA640B600F53877 /* Info.plist */,
			);
			path = WorkUpFunTests;
			sourceTree = "<group>";
		};
		18E0E5801DA640B600F53877 /* WorkUpFunUITests */ = {
			isa = PBXGroup;
			children = (
				18E0E5811DA640B600F53877 /* WorkUpFunUITests.swift */,
				18E0E5831DA640B600F53877 /* Info.plist */,
			);
			path = WorkUpFunUITests;
			sourceTree = "<group>";
		};
		18E0E5901DA640E500F53877 /* Products */ = {
			isa = PBXGroup;
			children = (
				18E0E59B1DA640E600F53877 /* Alamofire.framework */,
				18E0E59D1DA640E600F53877 /* Alamofire iOS Tests.xctest */,
				18E0E59F1DA640E600F53877 /* Alamofire.framework */,
				18E0E5A11DA640E600F53877 /* Alamofire macOS Tests.xctest */,
				18E0E5A31DA640E600F53877 /* Alamofire.framework */,
				18E0E5A51DA640E600F53877 /* Alamofire tvOS Tests.xctest */,
				18E0E5A71DA640E600F53877 /* Alamofire.framework */,
			);
			name = Products;
			sourceTree = "<group>";
		};
		BC1F384E1DB238E300B07B17 /* Products */ = {
			isa = PBXGroup;
			children = (
				BC1F38651DB238E300B07B17 /* RxSwift.framework */,
				BC1F38671DB238E300B07B17 /* RxSwift.framework */,
				BC1F38691DB238E300B07B17 /* RxSwift.framework */,
				BC1F386B1DB238E300B07B17 /* RxSwift.framework */,
				BC1F386D1DB238E300B07B17 /* RxCocoa.framework */,
				BC1F386F1DB238E300B07B17 /* RxCocoa.framework */,
				BC1F38711DB238E300B07B17 /* RxCocoa.framework */,
				BC1F38731DB238E300B07B17 /* RxCocoa.framework */,
				BC1F38751DB238E300B07B17 /* RxBlocking.framework */,
				BC1F38771DB238E300B07B17 /* RxBlocking.framework */,
				BC1F38791DB238E300B07B17 /* RxBlocking.framework */,
				BC1F387B1DB238E300B07B17 /* RxBlocking.framework */,
				BC1F387D1DB238E300B07B17 /* RxTest.framework */,
				BC1F387F1DB238E300B07B17 /* RxTest.framework */,
				BC1F38811DB238E300B07B17 /* RxTest.framework */,
				BC1F38831DB238E300B07B17 /* RxTest.framework */,
				BC1F38851DB238E300B07B17 /* AllTests-iOS.xctest */,
				BC1F38871DB238E300B07B17 /* AllTests-tvOS.xctest */,
				BC1F38891DB238E300B07B17 /* AllTests-OSX.xctest */,
				BC1F388B1DB238E300B07B17 /* PerformanceTests.app */,
			);
			name = Products;
			sourceTree = "<group>";
		};
/* End PBXGroup section */

/* Begin PBXNativeTarget section */
		18E0E5601DA640B500F53877 /* WorkUpFun */ = {
			isa = PBXNativeTarget;
			buildConfigurationList = 18E0E5861DA640B600F53877 /* Build configuration list for PBXNativeTarget "WorkUpFun" */;
			buildPhases = (
				18E0E55D1DA640B500F53877 /* Sources */,
				18E0E55E1DA640B500F53877 /* Frameworks */,
				18E0E55F1DA640B500F53877 /* Resources */,
				18E0E5AC1DA6413000F53877 /* Embed Frameworks */,
			);
			buildRules = (
			);
			dependencies = (
				18E0E5AB1DA6413000F53877 /* PBXTargetDependency */,
			);
			name = WorkUpFun;
			productName = WorkUpFun;
			productReference = 18E0E5611DA640B500F53877 /* WorkUpFun.app */;
			productType = "com.apple.product-type.application";
		};
		18E0E5711DA640B600F53877 /* WorkUpFunTests */ = {
			isa = PBXNativeTarget;
			buildConfigurationList = 18E0E5891DA640B600F53877 /* Build configuration list for PBXNativeTarget "WorkUpFunTests" */;
			buildPhases = (
				18E0E56E1DA640B600F53877 /* Sources */,
				18E0E56F1DA640B600F53877 /* Frameworks */,
				18E0E5701DA640B600F53877 /* Resources */,
			);
			buildRules = (
			);
			dependencies = (
				18E0E5741DA640B600F53877 /* PBXTargetDependency */,
			);
			name = WorkUpFunTests;
			productName = WorkUpFunTests;
			productReference = 18E0E5721DA640B600F53877 /* WorkUpFunTests.xctest */;
			productType = "com.apple.product-type.bundle.unit-test";
		};
		18E0E57C1DA640B600F53877 /* WorkUpFunUITests */ = {
			isa = PBXNativeTarget;
			buildConfigurationList = 18E0E58C1DA640B600F53877 /* Build configuration list for PBXNativeTarget "WorkUpFunUITests" */;
			buildPhases = (
				18E0E5791DA640B600F53877 /* Sources */,
				18E0E57A1DA640B600F53877 /* Frameworks */,
				18E0E57B1DA640B600F53877 /* Resources */,
			);
			buildRules = (
			);
			dependencies = (
				18E0E57F1DA640B600F53877 /* PBXTargetDependency */,
			);
			name = WorkUpFunUITests;
			productName = WorkUpFunUITests;
			productReference = 18E0E57D1DA640B600F53877 /* WorkUpFunUITests.xctest */;
			productType = "com.apple.product-type.bundle.ui-testing";
		};
/* End PBXNativeTarget section */

/* Begin PBXProject section */
		18E0E5591DA640B500F53877 /* Project object */ = {
			isa = PBXProject;
			attributes = {
				LastSwiftUpdateCheck = 0800;
				LastUpgradeCheck = 0800;
				ORGANIZATIONNAME = Gaooof;
				TargetAttributes = {
					18E0E5601DA640B500F53877 = {
						CreatedOnToolsVersion = 8.0;
						ProvisioningStyle = Automatic;
					};
					18E0E5711DA640B600F53877 = {
						CreatedOnToolsVersion = 8.0;
						ProvisioningStyle = Automatic;
						TestTargetID = 18E0E5601DA640B500F53877;
					};
					18E0E57C1DA640B600F53877 = {
						CreatedOnToolsVersion = 8.0;
						ProvisioningStyle = Automatic;
						TestTargetID = 18E0E5601DA640B500F53877;
					};
				};
			};
			buildConfigurationList = 18E0E55C1DA640B500F53877 /* Build configuration list for PBXProject "WorkUpFun" */;
			compatibilityVersion = "Xcode 3.2";
			developmentRegion = English;
			hasScannedForEncodings = 0;
			knownRegions = (
				en,
				Base,
			);
			mainGroup = 18E0E5581DA640B500F53877;
			productRefGroup = 18E0E5621DA640B500F53877 /* Products */;
			projectDirPath = "";
			projectReferences = (
				{
					ProductGroup = 18E0E5901DA640E500F53877 /* Products */;
					ProjectRef = 18E0E58F1DA640E500F53877 /* Alamofire.xcodeproj */;
				},
				{
					ProductGroup = BC1F384E1DB238E300B07B17 /* Products */;
					ProjectRef = BC1F384D1DB238E300B07B17 /* Rx.xcodeproj */;
				},
			);
			projectRoot = "";
			targets = (
				18E0E5601DA640B500F53877 /* WorkUpFun */,
				18E0E5711DA640B600F53877 /* WorkUpFunTests */,
				18E0E57C1DA640B600F53877 /* WorkUpFunUITests */,
			);
		};
/* End PBXProject section */

/* Begin PBXReferenceProxy section */
		18E0E59B1DA640E600F53877 /* Alamofire.framework */ = {
			isa = PBXReferenceProxy;
			fileType = wrapper.framework;
			path = Alamofire.framework;
			remoteRef = 18E0E59A1DA640E600F53877 /* PBXContainerItemProxy */;
			sourceTree = BUILT_PRODUCTS_DIR;
		};
		18E0E59D1DA640E600F53877 /* Alamofire iOS Tests.xctest */ = {
			isa = PBXReferenceProxy;
			fileType = wrapper.cfbundle;
			path = "Alamofire iOS Tests.xctest";
			remoteRef = 18E0E59C1DA640E600F53877 /* PBXContainerItemProxy */;
			sourceTree = BUILT_PRODUCTS_DIR;
		};
		18E0E59F1DA640E600F53877 /* Alamofire.framework */ = {
			isa = PBXReferenceProxy;
			fileType = wrapper.framework;
			path = Alamofire.framework;
			remoteRef = 18E0E59E1DA640E600F53877 /* PBXContainerItemProxy */;
			sourceTree = BUILT_PRODUCTS_DIR;
		};
		18E0E5A11DA640E600F53877 /* Alamofire macOS Tests.xctest */ = {
			isa = PBXReferenceProxy;
			fileType = wrapper.cfbundle;
			path = "Alamofire macOS Tests.xctest";
			remoteRef = 18E0E5A01DA640E600F53877 /* PBXContainerItemProxy */;
			sourceTree = BUILT_PRODUCTS_DIR;
		};
		18E0E5A31DA640E600F53877 /* Alamofire.framework */ = {
			isa = PBXReferenceProxy;
			fileType = wrapper.framework;
			path = Alamofire.framework;
			remoteRef = 18E0E5A21DA640E600F53877 /* PBXContainerItemProxy */;
			sourceTree = BUILT_PRODUCTS_DIR;
		};
		18E0E5A51DA640E600F53877 /* Alamofire tvOS Tests.xctest */ = {
			isa = PBXReferenceProxy;
			fileType = wrapper.cfbundle;
			path = "Alamofire tvOS Tests.xctest";
			remoteRef = 18E0E5A41DA640E600F53877 /* PBXContainerItemProxy */;
			sourceTree = BUILT_PRODUCTS_DIR;
		};
		18E0E5A71DA640E600F53877 /* Alamofire.framework */ = {
			isa = PBXReferenceProxy;
			fileType = wrapper.framework;
			path = Alamofire.framework;
			remoteRef = 18E0E5A61DA640E600F53877 /* PBXContainerItemProxy */;
			sourceTree = BUILT_PRODUCTS_DIR;
		};
		BC1F38651DB238E300B07B17 /* RxSwift.framework */ = {
			isa = PBXReferenceProxy;
			fileType = wrapper.framework;
			path = RxSwift.framework;
			remoteRef = BC1F38641DB238E300B07B17 /* PBXContainerItemProxy */;
			sourceTree = BUILT_PRODUCTS_DIR;
		};
		BC1F38671DB238E300B07B17 /* RxSwift.framework */ = {
			isa = PBXReferenceProxy;
			fileType = wrapper.framework;
			path = RxSwift.framework;
			remoteRef = BC1F38661DB238E300B07B17 /* PBXContainerItemProxy */;
			sourceTree = BUILT_PRODUCTS_DIR;
		};
		BC1F38691DB238E300B07B17 /* RxSwift.framework */ = {
			isa = PBXReferenceProxy;
			fileType = wrapper.framework;
			path = RxSwift.framework;
			remoteRef = BC1F38681DB238E300B07B17 /* PBXContainerItemProxy */;
			sourceTree = BUILT_PRODUCTS_DIR;
		};
		BC1F386B1DB238E300B07B17 /* RxSwift.framework */ = {
			isa = PBXReferenceProxy;
			fileType = wrapper.framework;
			path = RxSwift.framework;
			remoteRef = BC1F386A1DB238E300B07B17 /* PBXContainerItemProxy */;
			sourceTree = BUILT_PRODUCTS_DIR;
		};
		BC1F386D1DB238E300B07B17 /* RxCocoa.framework */ = {
			isa = PBXReferenceProxy;
			fileType = wrapper.framework;
			path = RxCocoa.framework;
			remoteRef = BC1F386C1DB238E300B07B17 /* PBXContainerItemProxy */;
			sourceTree = BUILT_PRODUCTS_DIR;
		};
		BC1F386F1DB238E300B07B17 /* RxCocoa.framework */ = {
			isa = PBXReferenceProxy;
			fileType = wrapper.framework;
			path = RxCocoa.framework;
			remoteRef = BC1F386E1DB238E300B07B17 /* PBXContainerItemProxy */;
			sourceTree = BUILT_PRODUCTS_DIR;
		};
		BC1F38711DB238E300B07B17 /* RxCocoa.framework */ = {
			isa = PBXReferenceProxy;
			fileType = wrapper.framework;
			path = RxCocoa.framework;
			remoteRef = BC1F38701DB238E300B07B17 /* PBXContainerItemProxy */;
			sourceTree = BUILT_PRODUCTS_DIR;
		};
		BC1F38731DB238E300B07B17 /* RxCocoa.framework */ = {
			isa = PBXReferenceProxy;
			fileType = wrapper.framework;
			path = RxCocoa.framework;
			remoteRef = BC1F38721DB238E300B07B17 /* PBXContainerItemProxy */;
			sourceTree = BUILT_PRODUCTS_DIR;
		};
		BC1F38751DB238E300B07B17 /* RxBlocking.framework */ = {
			isa = PBXReferenceProxy;
			fileType = wrapper.framework;
			path = RxBlocking.framework;
			remoteRef = BC1F38741DB238E300B07B17 /* PBXContainerItemProxy */;
			sourceTree = BUILT_PRODUCTS_DIR;
		};
		BC1F38771DB238E300B07B17 /* RxBlocking.framework */ = {
			isa = PBXReferenceProxy;
			fileType = wrapper.framework;
			path = RxBlocking.framework;
			remoteRef = BC1F38761DB238E300B07B17 /* PBXContainerItemProxy */;
			sourceTree = BUILT_PRODUCTS_DIR;
		};
		BC1F38791DB238E300B07B17 /* RxBlocking.framework */ = {
			isa = PBXReferenceProxy;
			fileType = wrapper.framework;
			path = RxBlocking.framework;
			remoteRef = BC1F38781DB238E300B07B17 /* PBXContainerItemProxy */;
			sourceTree = BUILT_PRODUCTS_DIR;
		};
		BC1F387B1DB238E300B07B17 /* RxBlocking.framework */ = {
			isa = PBXReferenceProxy;
			fileType = wrapper.framework;
			path = RxBlocking.framework;
			remoteRef = BC1F387A1DB238E300B07B17 /* PBXContainerItemProxy */;
			sourceTree = BUILT_PRODUCTS_DIR;
		};
		BC1F387D1DB238E300B07B17 /* RxTest.framework */ = {
			isa = PBXReferenceProxy;
			fileType = wrapper.framework;
			path = RxTest.framework;
			remoteRef = BC1F387C1DB238E300B07B17 /* PBXContainerItemProxy */;
			sourceTree = BUILT_PRODUCTS_DIR;
		};
		BC1F387F1DB238E300B07B17 /* RxTest.framework */ = {
			isa = PBXReferenceProxy;
			fileType = wrapper.framework;
			path = RxTest.framework;
			remoteRef = BC1F387E1DB238E300B07B17 /* PBXContainerItemProxy */;
			sourceTree = BUILT_PRODUCTS_DIR;
		};
		BC1F38811DB238E300B07B17 /* RxTest.framework */ = {
			isa = PBXReferenceProxy;
			fileType = wrapper.framework;
			path = RxTest.framework;
			remoteRef = BC1F38801DB238E300B07B17 /* PBXContainerItemProxy */;
			sourceTree = BUILT_PRODUCTS_DIR;
		};
		BC1F38831DB238E300B07B17 /* RxTest.framework */ = {
			isa = PBXReferenceProxy;
			fileType = wrapper.framework;
			path = RxTest.framework;
			remoteRef = BC1F38821DB238E300B07B17 /* PBXContainerItemProxy */;
			sourceTree = BUILT_PRODUCTS_DIR;
		};
		BC1F38851DB238E300B07B17 /* AllTests-iOS.xctest */ = {
			isa = PBXReferenceProxy;
			fileType = wrapper.cfbundle;
			path = "AllTests-iOS.xctest";
			remoteRef = BC1F38841DB238E300B07B17 /* PBXContainerItemProxy */;
			sourceTree = BUILT_PRODUCTS_DIR;
		};
		BC1F38871DB238E300B07B17 /* AllTests-tvOS.xctest */ = {
			isa = PBXReferenceProxy;
			fileType = wrapper.cfbundle;
			path = "AllTests-tvOS.xctest";
			remoteRef = BC1F38861DB238E300B07B17 /* PBXContainerItemProxy */;
			sourceTree = BUILT_PRODUCTS_DIR;
		};
		BC1F38891DB238E300B07B17 /* AllTests-OSX.xctest */ = {
			isa = PBXReferenceProxy;
			fileType = wrapper.cfbundle;
			path = "AllTests-OSX.xctest";
			remoteRef = BC1F38881DB238E300B07B17 /* PBXContainerItemProxy */;
			sourceTree = BUILT_PRODUCTS_DIR;
		};
		BC1F388B1DB238E300B07B17 /* PerformanceTests.app */ = {
			isa = PBXReferenceProxy;
			fileType = wrapper.application;
			path = PerformanceTests.app;
			remoteRef = BC1F388A1DB238E300B07B17 /* PBXContainerItemProxy */;
			sourceTree = BUILT_PRODUCTS_DIR;
		};
/* End PBXReferenceProxy section */

/* Begin PBXResourcesBuildPhase section */
		18E0E55F1DA640B500F53877 /* Resources */ = {
			isa = PBXResourcesBuildPhase;
			buildActionMask = 2147483647;
			files = (
				18E0E5B01DA6840000F53877 /* QuotesViewController.xib in Resources */,
				18E0E5691DA640B500F53877 /* Assets.xcassets in Resources */,
				18E0E56C1DA640B500F53877 /* Main.storyboard in Resources */,
			);
			runOnlyForDeploymentPostprocessing = 0;
		};
		18E0E5701DA640B600F53877 /* Resources */ = {
			isa = PBXResourcesBuildPhase;
			buildActionMask = 2147483647;
			files = (
			);
			runOnlyForDeploymentPostprocessing = 0;
		};
		18E0E57B1DA640B600F53877 /* Resources */ = {
			isa = PBXResourcesBuildPhase;
			buildActionMask = 2147483647;
			files = (
			);
			runOnlyForDeploymentPostprocessing = 0;
		};
/* End PBXResourcesBuildPhase section */

/* Begin PBXSourcesBuildPhase section */
		18E0E55D1DA640B500F53877 /* Sources */ = {
			isa = PBXSourcesBuildPhase;
			buildActionMask = 2147483647;
			files = (
				18E0E5671DA640B500F53877 /* ViewController.swift in Sources */,
				18E0E5AF1DA6840000F53877 /* QuotesViewController.swift in Sources */,
				BC6A76891DAD031700825F3D /* OE_WorkReportModel.swift in Sources */,
				18E0E5651DA640B500F53877 /* AppDelegate.swift in Sources */,
				18E0E5B21DA7C5CE00F53877 /* Tool.swift in Sources */,
			);
			runOnlyForDeploymentPostprocessing = 0;
		};
		18E0E56E1DA640B600F53877 /* Sources */ = {
			isa = PBXSourcesBuildPhase;
			buildActionMask = 2147483647;
			files = (
				18E0E5771DA640B600F53877 /* WorkUpFunTests.swift in Sources */,
			);
			runOnlyForDeploymentPostprocessing = 0;
		};
		18E0E5791DA640B600F53877 /* Sources */ = {
			isa = PBXSourcesBuildPhase;
			buildActionMask = 2147483647;
			files = (
				18E0E5821DA640B600F53877 /* WorkUpFunUITests.swift in Sources */,
			);
			runOnlyForDeploymentPostprocessing = 0;
		};
/* End PBXSourcesBuildPhase section */

/* Begin PBXTargetDependency section */
		18E0E5741DA640B600F53877 /* PBXTargetDependency */ = {
			isa = PBXTargetDependency;
			target = 18E0E5601DA640B500F53877 /* WorkUpFun */;
			targetProxy = 18E0E5731DA640B600F53877 /* PBXContainerItemProxy */;
		};
		18E0E57F1DA640B600F53877 /* PBXTargetDependency */ = {
			isa = PBXTargetDependency;
			target = 18E0E5601DA640B500F53877 /* WorkUpFun */;
			targetProxy = 18E0E57E1DA640B600F53877 /* PBXContainerItemProxy */;
		};
		18E0E5AB1DA6413000F53877 /* PBXTargetDependency */ = {
			isa = PBXTargetDependency;
			name = "Alamofire macOS";
			targetProxy = 18E0E5AA1DA6413000F53877 /* PBXContainerItemProxy */;
		};
/* End PBXTargetDependency section */

/* Begin PBXVariantGroup section */
		18E0E56A1DA640B500F53877 /* Main.storyboard */ = {
			isa = PBXVariantGroup;
			children = (
				18E0E56B1DA640B500F53877 /* Base */,
			);
			name = Main.storyboard;
			sourceTree = "<group>";
		};
/* End PBXVariantGroup section */

/* Begin XCBuildConfiguration section */
		18E0E5841DA640B600F53877 /* Debug */ = {
			isa = XCBuildConfiguration;
			buildSettings = {
				ALWAYS_SEARCH_USER_PATHS = NO;
				CLANG_ANALYZER_NONNULL = YES;
				CLANG_CXX_LANGUAGE_STANDARD = "gnu++0x";
				CLANG_CXX_LIBRARY = "libc++";
				CLANG_ENABLE_MODULES = YES;
				CLANG_ENABLE_OBJC_ARC = YES;
				CLANG_WARN_BOOL_CONVERSION = YES;
				CLANG_WARN_CONSTANT_CONVERSION = YES;
				CLANG_WARN_DIRECT_OBJC_ISA_USAGE = YES_ERROR;
				CLANG_WARN_DOCUMENTATION_COMMENTS = YES;
				CLANG_WARN_EMPTY_BODY = YES;
				CLANG_WARN_ENUM_CONVERSION = YES;
				CLANG_WARN_INFINITE_RECURSION = YES;
				CLANG_WARN_INT_CONVERSION = YES;
				CLANG_WARN_OBJC_ROOT_CLASS = YES_ERROR;
				CLANG_WARN_SUSPICIOUS_MOVES = YES;
				CLANG_WARN_UNREACHABLE_CODE = YES;
				CLANG_WARN__DUPLICATE_METHOD_MATCH = YES;
				CODE_SIGN_IDENTITY = "-";
				COPY_PHASE_STRIP = NO;
				DEBUG_INFORMATION_FORMAT = dwarf;
				ENABLE_STRICT_OBJC_MSGSEND = YES;
				ENABLE_TESTABILITY = YES;
				GCC_C_LANGUAGE_STANDARD = gnu99;
				GCC_DYNAMIC_NO_PIC = NO;
				GCC_NO_COMMON_BLOCKS = YES;
				GCC_OPTIMIZATION_LEVEL = 0;
				GCC_PREPROCESSOR_DEFINITIONS = (
					"DEBUG=1",
					"$(inherited)",
				);
				GCC_WARN_64_TO_32_BIT_CONVERSION = YES;
				GCC_WARN_ABOUT_RETURN_TYPE = YES_ERROR;
				GCC_WARN_UNDECLARED_SELECTOR = YES;
				GCC_WARN_UNINITIALIZED_AUTOS = YES_AGGRESSIVE;
				GCC_WARN_UNUSED_FUNCTION = YES;
				GCC_WARN_UNUSED_VARIABLE = YES;
				MACOSX_DEPLOYMENT_TARGET = 10.11;
				MTL_ENABLE_DEBUG_INFO = YES;
				ONLY_ACTIVE_ARCH = YES;
				SDKROOT = macosx;
				SWIFT_ACTIVE_COMPILATION_CONDITIONS = DEBUG;
				SWIFT_OPTIMIZATION_LEVEL = "-Onone";
			};
			name = Debug;
		};
		18E0E5851DA640B600F53877 /* Release */ = {
			isa = XCBuildConfiguration;
			buildSettings = {
				ALWAYS_SEARCH_USER_PATHS = NO;
				CLANG_ANALYZER_NONNULL = YES;
				CLANG_CXX_LANGUAGE_STANDARD = "gnu++0x";
				CLANG_CXX_LIBRARY = "libc++";
				CLANG_ENABLE_MODULES = YES;
				CLANG_ENABLE_OBJC_ARC = YES;
				CLANG_WARN_BOOL_CONVERSION = YES;
				CLANG_WARN_CONSTANT_CONVERSION = YES;
				CLANG_WARN_DIRECT_OBJC_ISA_USAGE = YES_ERROR;
				CLANG_WARN_DOCUMENTATION_COMMENTS = YES;
				CLANG_WARN_EMPTY_BODY = YES;
				CLANG_WARN_ENUM_CONVERSION = YES;
				CLANG_WARN_INFINITE_RECURSION = YES;
				CLANG_WARN_INT_CONVERSION = YES;
				CLANG_WARN_OBJC_ROOT_CLASS = YES_ERROR;
				CLANG_WARN_SUSPICIOUS_MOVES = YES;
				CLANG_WARN_UNREACHABLE_CODE = YES;
				CLANG_WARN__DUPLICATE_METHOD_MATCH = YES;
				CODE_SIGN_IDENTITY = "-";
				COPY_PHASE_STRIP = NO;
				DEBUG_INFORMATION_FORMAT = "dwarf-with-dsym";
				ENABLE_NS_ASSERTIONS = NO;
				ENABLE_STRICT_OBJC_MSGSEND = YES;
				GCC_C_LANGUAGE_STANDARD = gnu99;
				GCC_NO_COMMON_BLOCKS = YES;
				GCC_WARN_64_TO_32_BIT_CONVERSION = YES;
				GCC_WARN_ABOUT_RETURN_TYPE = YES_ERROR;
				GCC_WARN_UNDECLARED_SELECTOR = YES;
				GCC_WARN_UNINITIALIZED_AUTOS = YES_AGGRESSIVE;
				GCC_WARN_UNUSED_FUNCTION = YES;
				GCC_WARN_UNUSED_VARIABLE = YES;
				MACOSX_DEPLOYMENT_TARGET = 10.11;
				MTL_ENABLE_DEBUG_INFO = NO;
				SDKROOT = macosx;
				SWIFT_OPTIMIZATION_LEVEL = "-Owholemodule";
			};
			name = Release;
		};
		18E0E5871DA640B600F53877 /* Debug */ = {
			isa = XCBuildConfiguration;
			buildSettings = {
				ALWAYS_EMBED_SWIFT_STANDARD_LIBRARIES = YES;
				ASSETCATALOG_COMPILER_APPICON_NAME = AppIcon;
				COMBINE_HIDPI_IMAGES = YES;
				INFOPLIST_FILE = WorkUpFun/Info.plist;
				LD_RUNPATH_SEARCH_PATHS = "$(inherited) @executable_path/../Frameworks";
				PRODUCT_BUNDLE_IDENTIFIER = Gaooof.WorkUpFun;
				PRODUCT_NAME = "$(TARGET_NAME)";
				SWIFT_VERSION = 3.0;
			};
			name = Debug;
		};
		18E0E5881DA640B600F53877 /* Release */ = {
			isa = XCBuildConfiguration;
			buildSettings = {
				ALWAYS_EMBED_SWIFT_STANDARD_LIBRARIES = YES;
				ASSETCATALOG_COMPILER_APPICON_NAME = AppIcon;
				COMBINE_HIDPI_IMAGES = YES;
				INFOPLIST_FILE = WorkUpFun/Info.plist;
				LD_RUNPATH_SEARCH_PATHS = "$(inherited) @executable_path/../Frameworks";
				PRODUCT_BUNDLE_IDENTIFIER = Gaooof.WorkUpFun;
				PRODUCT_NAME = "$(TARGET_NAME)";
				SWIFT_VERSION = 3.0;
			};
			name = Release;
		};
		18E0E58A1DA640B600F53877 /* Debug */ = {
			isa = XCBuildConfiguration;
			buildSettings = {
				ALWAYS_EMBED_SWIFT_STANDARD_LIBRARIES = YES;
				BUNDLE_LOADER = "$(TEST_HOST)";
				COMBINE_HIDPI_IMAGES = YES;
				INFOPLIST_FILE = WorkUpFunTests/Info.plist;
				LD_RUNPATH_SEARCH_PATHS = "$(inherited) @executable_path/../Frameworks @loader_path/../Frameworks";
				PRODUCT_BUNDLE_IDENTIFIER = Gaooof.WorkUpFunTests;
				PRODUCT_NAME = "$(TARGET_NAME)";
				SWIFT_VERSION = 3.0;
				TEST_HOST = "$(BUILT_PRODUCTS_DIR)/WorkUpFun.app/Contents/MacOS/WorkUpFun";
			};
			name = Debug;
		};
		18E0E58B1DA640B600F53877 /* Release */ = {
			isa = XCBuildConfiguration;
			buildSettings = {
				ALWAYS_EMBED_SWIFT_STANDARD_LIBRARIES = YES;
				BUNDLE_LOADER = "$(TEST_HOST)";
				COMBINE_HIDPI_IMAGES = YES;
				INFOPLIST_FILE = WorkUpFunTests/Info.plist;
				LD_RUNPATH_SEARCH_PATHS = "$(inherited) @executable_path/../Frameworks @loader_path/../Frameworks";
				PRODUCT_BUNDLE_IDENTIFIER = Gaooof.WorkUpFunTests;
				PRODUCT_NAME = "$(TARGET_NAME)";
				SWIFT_VERSION = 3.0;
				TEST_HOST = "$(BUILT_PRODUCTS_DIR)/WorkUpFun.app/Contents/MacOS/WorkUpFun";
			};
			name = Release;
		};
		18E0E58D1DA640B600F53877 /* Debug */ = {
			isa = XCBuildConfiguration;
			buildSettings = {
				ALWAYS_EMBED_SWIFT_STANDARD_LIBRARIES = YES;
				COMBINE_HIDPI_IMAGES = YES;
				INFOPLIST_FILE = WorkUpFunUITests/Info.plist;
				LD_RUNPATH_SEARCH_PATHS = "$(inherited) @executable_path/../Frameworks @loader_path/../Frameworks";
				PRODUCT_BUNDLE_IDENTIFIER = Gaooof.WorkUpFunUITests;
				PRODUCT_NAME = "$(TARGET_NAME)";
				SWIFT_VERSION = 3.0;
				TEST_TARGET_NAME = WorkUpFun;
			};
			name = Debug;
		};
		18E0E58E1DA640B600F53877 /* Release */ = {
			isa = XCBuildConfiguration;
			buildSettings = {
				ALWAYS_EMBED_SWIFT_STANDARD_LIBRARIES = YES;
				COMBINE_HIDPI_IMAGES = YES;
				INFOPLIST_FILE = WorkUpFunUITests/Info.plist;
				LD_RUNPATH_SEARCH_PATHS = "$(inherited) @executable_path/../Frameworks @loader_path/../Frameworks";
				PRODUCT_BUNDLE_IDENTIFIER = Gaooof.WorkUpFunUITests;
				PRODUCT_NAME = "$(TARGET_NAME)";
				SWIFT_VERSION = 3.0;
				TEST_TARGET_NAME = WorkUpFun;
			};
			name = Release;
		};
/* End XCBuildConfiguration section */

/* Begin XCConfigurationList section */
		18E0E55C1DA640B500F53877 /* Build configuration list for PBXProject "WorkUpFun" */ = {
			isa = XCConfigurationList;
			buildConfigurations = (
				18E0E5841DA640B600F53877 /* Debug */,
				18E0E5851DA640B600F53877 /* Release */,
			);
			defaultConfigurationIsVisible = 0;
			defaultConfigurationName = Release;
		};
		18E0E5861DA640B600F53877 /* Build configuration list for PBXNativeTarget "WorkUpFun" */ = {
			isa = XCConfigurationList;
			buildConfigurations = (
				18E0E5871DA640B600F53877 /* Debug */,
				18E0E5881DA640B600F53877 /* Release */,
			);
			defaultConfigurationIsVisible = 0;
			defaultConfigurationName = Release;
		};
		18E0E5891DA640B600F53877 /* Build configuration list for PBXNativeTarget "WorkUpFunTests" */ = {
			isa = XCConfigurationList;
			buildConfigurations = (
				18E0E58A1DA640B600F53877 /* Debug */,
				18E0E58B1DA640B600F53877 /* Release */,
			);
			defaultConfigurationIsVisible = 0;
			defaultConfigurationName = Release;
		};
		18E0E58C1DA640B600F53877 /* Build configuration list for PBXNativeTarget "WorkUpFunUITests" */ = {
			isa = XCConfigurationList;
			buildConfigurations = (
				18E0E58D1DA640B600F53877 /* Debug */,
				18E0E58E1DA640B600F53877 /* Release */,
			);
			defaultConfigurationIsVisible = 0;
			defaultConfigurationName = Release;
		};
/* End XCConfigurationList section */
	};
	rootObject = 18E0E5591DA640B500F53877 /* Project object */;
}
